PODS:
  - Alamofire (4.7.0)
  - RxSwift (4.1.2)
  - SDWebImage (4.3.3):
    - SDWebImage/Core (= 4.3.3)
  - SDWebImage/Core (4.3.3)
  - SwiftyJSON (4.0.0)

DEPENDENCIES:
  - Alamofire
  - RxSwift
  - SDWebImage
  - SwiftyJSON

SPEC CHECKSUMS:
  Alamofire: 907e0a98eb68cdb7f9d1f541a563d6ac5dc77b25
  RxSwift: e49536837d9901277638493ea537394d4b55f570
  SDWebImage: de4d90b5bff3571eae7bd16202b1f43135409fa5
  SwiftyJSON: 070dabdcb1beb81b247c65ffa3a79dbbfb3b48aa

PODFILE CHECKSUM: 0559707b8bec8020b8e7c5820949eda0395f507a

COCOAPODS: 1.4.0
